// !$*UTF8*$!
{
	archiveVersion = 1;
	classes = {
	};
	objectVersion = 56;
	objects = {

/* Begin PBXBuildFile section */
		2B1E9CEF2AD052B700902AE1 /* TikTokCloneApp.swift in Sources */ = {isa = PBXBuildFile; fileRef = 2B1E9CEE2AD052B700902AE1 /* TikTokCloneApp.swift */; };
		2B1E9CF12AD052B700902AE1 /* ContentView.swift in Sources */ = {isa = PBXBuildFile; fileRef = 2B1E9CF02AD052B700902AE1 /* ContentView.swift */; };
		2B1E9CF32AD052B800902AE1 /* Assets.xcassets in Resources */ = {isa = PBXBuildFile; fileRef = 2B1E9CF22AD052B800902AE1 /* Assets.xcassets */; };
		2B1E9CF62AD052B800902AE1 /* Preview Assets.xcassets in Resources */ = {isa = PBXBuildFile; fileRef = 2B1E9CF52AD052B800902AE1 /* Preview Assets.xcassets */; };
		2B1E9D0E2AD0549800902AE1 /* FeedView.swift in Sources */ = {isa = PBXBuildFile; fileRef = 2B1E9D0D2AD0549800902AE1 /* FeedView.swift */; };
		2B1E9D102AD0549F00902AE1 /* FeedViewModel.swift in Sources */ = {isa = PBXBuildFile; fileRef = 2B1E9D0F2AD0549F00902AE1 /* FeedViewModel.swift */; };
		2B1E9D1C2AD3009500902AE1 /* VideoPlayer.swift in Sources */ = {isa = PBXBuildFile; fileRef = 2B1E9D1B2AD3009500902AE1 /* VideoPlayer.swift */; };
		2B1E9D1E2AD3054F00902AE1 /* FeedCell.swift in Sources */ = {isa = PBXBuildFile; fileRef = 2B1E9D1D2AD3054F00902AE1 /* FeedCell.swift */; };
		2B1E9D202AD3233E00902AE1 /* User.swift in Sources */ = {isa = PBXBuildFile; fileRef = 2B1E9D1F2AD3233E00902AE1 /* User.swift */; };
		2B1E9D222AD3239500902AE1 /* DeveloperPreview.swift in Sources */ = {isa = PBXBuildFile; fileRef = 2B1E9D212AD3239500902AE1 /* DeveloperPreview.swift */; };
		2B1E9D242AD3245700902AE1 /* Post.swift in Sources */ = {isa = PBXBuildFile; fileRef = 2B1E9D232AD3245700902AE1 /* Post.swift */; };
		2B1E9D272AD3261E00902AE1 /* FeedService.swift in Sources */ = {isa = PBXBuildFile; fileRef = 2B1E9D262AD3261E00902AE1 /* FeedService.swift */; };
		2B1E9D292AD32C0100902AE1 /* ScrollViewStuff.swift in Sources */ = {isa = PBXBuildFile; fileRef = 2B1E9D282AD32C0100902AE1 /* ScrollViewStuff.swift */; };
		2B1E9D392AD45D1900902AE1 /* AuthError.swift in Sources */ = {isa = PBXBuildFile; fileRef = 2B1E9D382AD45D1900902AE1 /* AuthError.swift */; };
		2B1E9D3D2AD45D4B00902AE1 /* AuthServiceProtocol.swift in Sources */ = {isa = PBXBuildFile; fileRef = 2B1E9D3C2AD45D4B00902AE1 /* AuthServiceProtocol.swift */; };
		2B1E9D3F2AD45D8100902AE1 /* AuthenticationFormProtocol.swift in Sources */ = {isa = PBXBuildFile; fileRef = 2B1E9D3E2AD45D8100902AE1 /* AuthenticationFormProtocol.swift */; };
		2B1E9D442AD45DBB00902AE1 /* MockAuthService.swift in Sources */ = {isa = PBXBuildFile; fileRef = 2B1E9D432AD45DBB00902AE1 /* MockAuthService.swift */; };
		2B1E9D462AD4650E00902AE1 /* LoginView.swift in Sources */ = {isa = PBXBuildFile; fileRef = 2B1E9D452AD4650E00902AE1 /* LoginView.swift */; };
		2B1E9D482AD4652600902AE1 /* LoginViewModel.swift in Sources */ = {isa = PBXBuildFile; fileRef = 2B1E9D472AD4652600902AE1 /* LoginViewModel.swift */; };
		2B1E9D4B2AD4655200902AE1 /* StandardTextFieldModifier.swift in Sources */ = {isa = PBXBuildFile; fileRef = 2B1E9D4A2AD4655200902AE1 /* StandardTextFieldModifier.swift */; };
		2B1E9D4D2AD4656100902AE1 /* StandardButtonModifier.swift in Sources */ = {isa = PBXBuildFile; fileRef = 2B1E9D4C2AD4656100902AE1 /* StandardButtonModifier.swift */; };
		2B1E9D4F2AD465C800902AE1 /* ContentViewModel.swift in Sources */ = {isa = PBXBuildFile; fileRef = 2B1E9D4E2AD465C800902AE1 /* ContentViewModel.swift */; };
		2B1E9D512AD465F200902AE1 /* UserService.swift in Sources */ = {isa = PBXBuildFile; fileRef = 2B1E9D502AD465F200902AE1 /* UserService.swift */; };
		2B1E9D532AD469B900902AE1 /* MainTabView.swift in Sources */ = {isa = PBXBuildFile; fileRef = 2B1E9D522AD469B900902AE1 /* MainTabView.swift */; };
		2B1E9D552AD46A9500902AE1 /* ExploreView.swift in Sources */ = {isa = PBXBuildFile; fileRef = 2B1E9D542AD46A9500902AE1 /* ExploreView.swift */; };
		2B1E9D572AD46AC100902AE1 /* ProfileView.swift in Sources */ = {isa = PBXBuildFile; fileRef = 2B1E9D562AD46AC100902AE1 /* ProfileView.swift */; };
		2B1E9D5B2AD4793A00902AE1 /* CircularProfileImageView.swift in Sources */ = {isa = PBXBuildFile; fileRef = 2B1E9D5A2AD4793A00902AE1 /* CircularProfileImageView.swift */; };
		2B1E9D5D2AD4798000902AE1 /* CommentsView.swift in Sources */ = {isa = PBXBuildFile; fileRef = 2B1E9D5C2AD4798000902AE1 /* CommentsView.swift */; };
		2B1E9D632AD479A600902AE1 /* Comment.swift in Sources */ = {isa = PBXBuildFile; fileRef = 2B1E9D622AD479A600902AE1 /* Comment.swift */; };
		2B1E9D652AD479EB00902AE1 /* CommentCell.swift in Sources */ = {isa = PBXBuildFile; fileRef = 2B1E9D642AD479EB00902AE1 /* CommentCell.swift */; };
		2B1E9D672AD47A8000902AE1 /* CommentViewModel.swift in Sources */ = {isa = PBXBuildFile; fileRef = 2B1E9D662AD47A8000902AE1 /* CommentViewModel.swift */; };
		2B1E9D692AD47AD400902AE1 /* CommentService.swift in Sources */ = {isa = PBXBuildFile; fileRef = 2B1E9D682AD47AD400902AE1 /* CommentService.swift */; };
		2B1E9D6B2AD47C6700902AE1 /* CommentInputView.swift in Sources */ = {isa = PBXBuildFile; fileRef = 2B1E9D6A2AD47C6700902AE1 /* CommentInputView.swift */; };
		2B1E9D702AD4834500902AE1 /* CurrentUserProfileView.swift in Sources */ = {isa = PBXBuildFile; fileRef = 2B1E9D6F2AD4834500902AE1 /* CurrentUserProfileView.swift */; };
		2B1E9D722AD4870100902AE1 /* ProfileHeaderView.swift in Sources */ = {isa = PBXBuildFile; fileRef = 2B1E9D712AD4870100902AE1 /* ProfileHeaderView.swift */; };
		2B1E9D742AD48A6200902AE1 /* PostGridView.swift in Sources */ = {isa = PBXBuildFile; fileRef = 2B1E9D732AD48A6200902AE1 /* PostGridView.swift */; };
		2B1E9D782AD48C8C00902AE1 /* ProfileViewModel.swift in Sources */ = {isa = PBXBuildFile; fileRef = 2B1E9D772AD48C8C00902AE1 /* ProfileViewModel.swift */; };
		2B1E9D7C2AD4986500902AE1 /* UploadIconView.swift in Sources */ = {isa = PBXBuildFile; fileRef = 2B1E9D7B2AD4986500902AE1 /* UploadIconView.swift */; };
		2B1E9D7E2AD49A4000902AE1 /* NotificationsView.swift in Sources */ = {isa = PBXBuildFile; fileRef = 2B1E9D7D2AD49A4000902AE1 /* NotificationsView.swift */; };
		2B1E9D852AD49F6A00902AE1 /* UserListConfig.swift in Sources */ = {isa = PBXBuildFile; fileRef = 2B1E9D842AD49F6A00902AE1 /* UserListConfig.swift */; };
		2B1E9D872AD49F8200902AE1 /* UserListService.swift in Sources */ = {isa = PBXBuildFile; fileRef = 2B1E9D862AD49F8200902AE1 /* UserListService.swift */; };
		2B1E9D892AD4A01400902AE1 /* UserCell.swift in Sources */ = {isa = PBXBuildFile; fileRef = 2B1E9D882AD4A01400902AE1 /* UserCell.swift */; };
		2B1E9D8B2AD4A18300902AE1 /* UserListViewModel.swift in Sources */ = {isa = PBXBuildFile; fileRef = 2B1E9D8A2AD4A18300902AE1 /* UserListViewModel.swift */; };
		2B1E9D8D2AD4A1CD00902AE1 /* UserListView.swift in Sources */ = {isa = PBXBuildFile; fileRef = 2B1E9D8C2AD4A1CD00902AE1 /* UserListView.swift */; };
		2B1E9D932AD4A30F00902AE1 /* NotificationsViewModel.swift in Sources */ = {isa = PBXBuildFile; fileRef = 2B1E9D922AD4A30F00902AE1 /* NotificationsViewModel.swift */; };
		2B1E9D952AD4A31600902AE1 /* Notification.swift in Sources */ = {isa = PBXBuildFile; fileRef = 2B1E9D942AD4A31600902AE1 /* Notification.swift */; };
		2B1E9D972AD4A41000902AE1 /* NotificationService.swift in Sources */ = {isa = PBXBuildFile; fileRef = 2B1E9D962AD4A41000902AE1 /* NotificationService.swift */; };
		2B1E9D992AD4A4FD00902AE1 /* NotificationCell.swift in Sources */ = {isa = PBXBuildFile; fileRef = 2B1E9D982AD4A4FD00902AE1 /* NotificationCell.swift */; };
		2B1E9D9B2AD4A53700902AE1 /* NotificationCellViewModel.swift in Sources */ = {isa = PBXBuildFile; fileRef = 2B1E9D9A2AD4A53700902AE1 /* NotificationCellViewModel.swift */; };
		2B1E9D9E2AD4AAD500902AE1 /* FirebaseAnalytics in Frameworks */ = {isa = PBXBuildFile; productRef = 2B1E9D9D2AD4AAD500902AE1 /* FirebaseAnalytics */; };
		2B1E9DA02AD4AAD500902AE1 /* FirebaseAnalyticsOnDeviceConversion in Frameworks */ = {isa = PBXBuildFile; productRef = 2B1E9D9F2AD4AAD500902AE1 /* FirebaseAnalyticsOnDeviceConversion */; };
		2B1E9DA22AD4AAD500902AE1 /* FirebaseAnalyticsSwift in Frameworks */ = {isa = PBXBuildFile; productRef = 2B1E9DA12AD4AAD500902AE1 /* FirebaseAnalyticsSwift */; };
		2B1E9DA42AD4AAD500902AE1 /* FirebaseAnalyticsWithoutAdIdSupport in Frameworks */ = {isa = PBXBuildFile; productRef = 2B1E9DA32AD4AAD500902AE1 /* FirebaseAnalyticsWithoutAdIdSupport */; };
		2B1E9DA62AD4AAD500902AE1 /* FirebaseAppCheck in Frameworks */ = {isa = PBXBuildFile; productRef = 2B1E9DA52AD4AAD500902AE1 /* FirebaseAppCheck */; };
		2B1E9DA82AD4AAD500902AE1 /* FirebaseAppDistribution-Beta in Frameworks */ = {isa = PBXBuildFile; productRef = 2B1E9DA72AD4AAD500902AE1 /* FirebaseAppDistribution-Beta */; };
		2B1E9DAA2AD4AAD500902AE1 /* FirebaseAuth in Frameworks */ = {isa = PBXBuildFile; productRef = 2B1E9DA92AD4AAD500902AE1 /* FirebaseAuth */; };
		2B1E9DAC2AD4AAD500902AE1 /* FirebaseAuthCombine-Community in Frameworks */ = {isa = PBXBuildFile; productRef = 2B1E9DAB2AD4AAD500902AE1 /* FirebaseAuthCombine-Community */; };
		2B1E9DAE2AD4AAD500902AE1 /* FirebaseCrashlytics in Frameworks */ = {isa = PBXBuildFile; productRef = 2B1E9DAD2AD4AAD500902AE1 /* FirebaseCrashlytics */; };
		2B1E9DB02AD4AAD500902AE1 /* FirebaseDatabase in Frameworks */ = {isa = PBXBuildFile; productRef = 2B1E9DAF2AD4AAD500902AE1 /* FirebaseDatabase */; };
		2B1E9DB22AD4AAD500902AE1 /* FirebaseDatabaseSwift in Frameworks */ = {isa = PBXBuildFile; productRef = 2B1E9DB12AD4AAD500902AE1 /* FirebaseDatabaseSwift */; };
		2B1E9DB42AD4AAD500902AE1 /* FirebaseDynamicLinks in Frameworks */ = {isa = PBXBuildFile; productRef = 2B1E9DB32AD4AAD500902AE1 /* FirebaseDynamicLinks */; };
		2B1E9DB62AD4AAD500902AE1 /* FirebaseFirestore in Frameworks */ = {isa = PBXBuildFile; productRef = 2B1E9DB52AD4AAD500902AE1 /* FirebaseFirestore */; };
		2B1E9DB82AD4AAD500902AE1 /* FirebaseFirestoreCombine-Community in Frameworks */ = {isa = PBXBuildFile; productRef = 2B1E9DB72AD4AAD500902AE1 /* FirebaseFirestoreCombine-Community */; };
		2B1E9DBA2AD4AAD500902AE1 /* FirebaseFirestoreSwift in Frameworks */ = {isa = PBXBuildFile; productRef = 2B1E9DB92AD4AAD500902AE1 /* FirebaseFirestoreSwift */; };
		2B1E9DBC2AD4AAD500902AE1 /* FirebaseFunctions in Frameworks */ = {isa = PBXBuildFile; productRef = 2B1E9DBB2AD4AAD500902AE1 /* FirebaseFunctions */; };
		2B1E9DBE2AD4AAD500902AE1 /* FirebaseFunctionsCombine-Community in Frameworks */ = {isa = PBXBuildFile; productRef = 2B1E9DBD2AD4AAD500902AE1 /* FirebaseFunctionsCombine-Community */; };
		2B1E9DC02AD4AAD500902AE1 /* FirebaseInAppMessaging-Beta in Frameworks */ = {isa = PBXBuildFile; productRef = 2B1E9DBF2AD4AAD500902AE1 /* FirebaseInAppMessaging-Beta */; };
		2B1E9DC22AD4AAD500902AE1 /* FirebaseInAppMessagingSwift-Beta in Frameworks */ = {isa = PBXBuildFile; productRef = 2B1E9DC12AD4AAD500902AE1 /* FirebaseInAppMessagingSwift-Beta */; };
		2B1E9DC42AD4AAD500902AE1 /* FirebaseInstallations in Frameworks */ = {isa = PBXBuildFile; productRef = 2B1E9DC32AD4AAD500902AE1 /* FirebaseInstallations */; };
		2B1E9DC62AD4AAD500902AE1 /* FirebaseMLModelDownloader in Frameworks */ = {isa = PBXBuildFile; productRef = 2B1E9DC52AD4AAD500902AE1 /* FirebaseMLModelDownloader */; };
		2B1E9DC82AD4AAD500902AE1 /* FirebaseMessaging in Frameworks */ = {isa = PBXBuildFile; productRef = 2B1E9DC72AD4AAD500902AE1 /* FirebaseMessaging */; };
		2B1E9DCA2AD4AAD500902AE1 /* FirebasePerformance in Frameworks */ = {isa = PBXBuildFile; productRef = 2B1E9DC92AD4AAD500902AE1 /* FirebasePerformance */; };
		2B1E9DCC2AD4AAD500902AE1 /* FirebaseRemoteConfig in Frameworks */ = {isa = PBXBuildFile; productRef = 2B1E9DCB2AD4AAD500902AE1 /* FirebaseRemoteConfig */; };
		2B1E9DCE2AD4AAD500902AE1 /* FirebaseRemoteConfigSwift in Frameworks */ = {isa = PBXBuildFile; productRef = 2B1E9DCD2AD4AAD500902AE1 /* FirebaseRemoteConfigSwift */; };
		2B1E9DD02AD4AAD500902AE1 /* FirebaseStorage in Frameworks */ = {isa = PBXBuildFile; productRef = 2B1E9DCF2AD4AAD500902AE1 /* FirebaseStorage */; };
		2B1E9DD22AD4AAD500902AE1 /* FirebaseStorageCombine-Community in Frameworks */ = {isa = PBXBuildFile; productRef = 2B1E9DD12AD4AAD500902AE1 /* FirebaseStorageCombine-Community */; };
		2B1E9DD52AD4AAE600902AE1 /* Kingfisher in Frameworks */ = {isa = PBXBuildFile; productRef = 2B1E9DD42AD4AAE600902AE1 /* Kingfisher */; };
		2B1E9DD72AD4AB4800902AE1 /* GoogleService-Info.plist in Resources */ = {isa = PBXBuildFile; fileRef = 2B1E9DD62AD4AB4800902AE1 /* GoogleService-Info.plist */; };
		2B1E9DDB2AD4B1C200902AE1 /* UploadPostViewModel.swift in Sources */ = {isa = PBXBuildFile; fileRef = 2B1E9DDA2AD4B1C200902AE1 /* UploadPostViewModel.swift */; };
		2B1E9DDE2AD4B1CF00902AE1 /* UploadPostService.swift in Sources */ = {isa = PBXBuildFile; fileRef = 2B1E9DDD2AD4B1CF00902AE1 /* UploadPostService.swift */; };
		2B1E9DE02AD4B1E100902AE1 /* MediaUploader.swift in Sources */ = {isa = PBXBuildFile; fileRef = 2B1E9DDF2AD4B1E100902AE1 /* MediaUploader.swift */; };
		2B1E9DE32AD4B20900902AE1 /* FirestoreConstants.swift in Sources */ = {isa = PBXBuildFile; fileRef = 2B1E9DE22AD4B20900902AE1 /* FirestoreConstants.swift */; };
		2B1E9DE62AD4B9F100902AE1 /* Movie.swift in Sources */ = {isa = PBXBuildFile; fileRef = 2B1E9DE52AD4B9F100902AE1 /* Movie.swift */; };
		2B1E9DE82AD5991000902AE1 /* MediaSelectorView.swift in Sources */ = {isa = PBXBuildFile; fileRef = 2B1E9DE72AD5991000902AE1 /* MediaSelectorView.swift */; };
		2B1E9DEA2AD59B2200902AE1 /* UploadPostView.swift in Sources */ = {isa = PBXBuildFile; fileRef = 2B1E9DE92AD59B2200902AE1 /* UploadPostView.swift */; };
		2B1E9DEC2AD59F5500902AE1 /* MediaHelpers.swift in Sources */ = {isa = PBXBuildFile; fileRef = 2B1E9DEB2AD59F5500902AE1 /* MediaHelpers.swift */; };
		2B1E9DEE2AD5A93A00902AE1 /* AuthService.swift in Sources */ = {isa = PBXBuildFile; fileRef = 2B1E9DED2AD5A93A00902AE1 /* AuthService.swift */; };
		2B1E9DF02AD5B2EF00902AE1 /* RegistrationView.swift in Sources */ = {isa = PBXBuildFile; fileRef = 2B1E9DEF2AD5B2EF00902AE1 /* RegistrationView.swift */; };
		2B1E9DF22AD5B33E00902AE1 /* RegistrationViewModel.swift in Sources */ = {isa = PBXBuildFile; fileRef = 2B1E9DF12AD5B33E00902AE1 /* RegistrationViewModel.swift */; };
		2B1E9DF42AD5BBE000902AE1 /* Firestore+Query.swift in Sources */ = {isa = PBXBuildFile; fileRef = 2B1E9DF32AD5BBE000902AE1 /* Firestore+Query.swift */; };
		2B1E9DF72AD5D00500902AE1 /* EditProfileView.swift in Sources */ = {isa = PBXBuildFile; fileRef = 2B1E9DF62AD5D00500902AE1 /* EditProfileView.swift */; };
		2B1E9DFB2AD5DA4800902AE1 /* EditProfileViewModel.swift in Sources */ = {isa = PBXBuildFile; fileRef = 2B1E9DFA2AD5DA4800902AE1 /* EditProfileViewModel.swift */; };
		2B1E9DFD2AD6472400902AE1 /* PostService.swift in Sources */ = {isa = PBXBuildFile; fileRef = 2B1E9DFC2AD6472400902AE1 /* PostService.swift */; };
		2B1E9E002AD7004D00902AE1 /* NotifcationManager.swift in Sources */ = {isa = PBXBuildFile; fileRef = 2B1E9DFF2AD7004D00902AE1 /* NotifcationManager.swift */; };
		2B1E9E022AD71CEE00902AE1 /* Firestore+Timestamp.swift in Sources */ = {isa = PBXBuildFile; fileRef = 2B1E9E012AD71CEE00902AE1 /* Firestore+Timestamp.swift */; };
/* End PBXBuildFile section */

/* Begin PBXFileReference section */
		2B1E9CEB2AD052B700902AE1 /* TikTokClone.app */ = {isa = PBXFileReference; explicitFileType = wrapper.application; includeInIndex = 0; path = TikTokClone.app; sourceTree = BUILT_PRODUCTS_DIR; };
		2B1E9CEE2AD052B700902AE1 /* TikTokCloneApp.swift */ = {isa = PBXFileReference; lastKnownFileType = sourcecode.swift; path = TikTokCloneApp.swift; sourceTree = "<group>"; };
		2B1E9CF02AD052B700902AE1 /* ContentView.swift */ = {isa = PBXFileReference; lastKnownFileType = sourcecode.swift; path = ContentView.swift; sourceTree = "<group>"; };
		2B1E9CF22AD052B800902AE1 /* Assets.xcassets */ = {isa = PBXFileReference; lastKnownFileType = folder.assetcatalog; path = Assets.xcassets; sourceTree = "<group>"; };
		2B1E9CF52AD052B800902AE1 /* Preview Assets.xcassets */ = {isa = PBXFileReference; lastKnownFileType = folder.assetcatalog; path = "Preview Assets.xcassets"; sourceTree = "<group>"; };
		2B1E9D0D2AD0549800902AE1 /* FeedView.swift */ = {isa = PBXFileReference; lastKnownFileType = sourcecode.swift; path = FeedView.swift; sourceTree = "<group>"; };
		2B1E9D0F2AD0549F00902AE1 /* FeedViewModel.swift */ = {isa = PBXFileReference; lastKnownFileType = sourcecode.swift; path = FeedViewModel.swift; sourceTree = "<group>"; };
		2B1E9D1B2AD3009500902AE1 /* VideoPlayer.swift */ = {isa = PBXFileReference; lastKnownFileType = sourcecode.swift; path = VideoPlayer.swift; sourceTree = "<group>"; };
		2B1E9D1D2AD3054F00902AE1 /* FeedCell.swift */ = {isa = PBXFileReference; lastKnownFileType = sourcecode.swift; path = FeedCell.swift; sourceTree = "<group>"; };
		2B1E9D1F2AD3233E00902AE1 /* User.swift */ = {isa = PBXFileReference; lastKnownFileType = sourcecode.swift; path = User.swift; sourceTree = "<group>"; };
		2B1E9D212AD3239500902AE1 /* DeveloperPreview.swift */ = {isa = PBXFileReference; lastKnownFileType = sourcecode.swift; path = DeveloperPreview.swift; sourceTree = "<group>"; };
		2B1E9D232AD3245700902AE1 /* Post.swift */ = {isa = PBXFileReference; lastKnownFileType = sourcecode.swift; path = Post.swift; sourceTree = "<group>"; };
		2B1E9D262AD3261E00902AE1 /* FeedService.swift */ = {isa = PBXFileReference; lastKnownFileType = sourcecode.swift; path = FeedService.swift; sourceTree = "<group>"; };
		2B1E9D282AD32C0100902AE1 /* ScrollViewStuff.swift */ = {isa = PBXFileReference; lastKnownFileType = sourcecode.swift; path = ScrollViewStuff.swift; sourceTree = "<group>"; };
		2B1E9D382AD45D1900902AE1 /* AuthError.swift */ = {isa = PBXFileReference; lastKnownFileType = sourcecode.swift; path = AuthError.swift; sourceTree = "<group>"; };
		2B1E9D3C2AD45D4B00902AE1 /* AuthServiceProtocol.swift */ = {isa = PBXFileReference; lastKnownFileType = sourcecode.swift; path = AuthServiceProtocol.swift; sourceTree = "<group>"; };
		2B1E9D3E2AD45D8100902AE1 /* AuthenticationFormProtocol.swift */ = {isa = PBXFileReference; lastKnownFileType = sourcecode.swift; path = AuthenticationFormProtocol.swift; sourceTree = "<group>"; };
		2B1E9D432AD45DBB00902AE1 /* MockAuthService.swift */ = {isa = PBXFileReference; lastKnownFileType = sourcecode.swift; path = MockAuthService.swift; sourceTree = "<group>"; };
		2B1E9D452AD4650E00902AE1 /* LoginView.swift */ = {isa = PBXFileReference; lastKnownFileType = sourcecode.swift; path = LoginView.swift; sourceTree = "<group>"; };
		2B1E9D472AD4652600902AE1 /* LoginViewModel.swift */ = {isa = PBXFileReference; lastKnownFileType = sourcecode.swift; path = LoginViewModel.swift; sourceTree = "<group>"; };
		2B1E9D4A2AD4655200902AE1 /* StandardTextFieldModifier.swift */ = {isa = PBXFileReference; lastKnownFileType = sourcecode.swift; path = StandardTextFieldModifier.swift; sourceTree = "<group>"; };
		2B1E9D4C2AD4656100902AE1 /* StandardButtonModifier.swift */ = {isa = PBXFileReference; lastKnownFileType = sourcecode.swift; path = StandardButtonModifier.swift; sourceTree = "<group>"; };
		2B1E9D4E2AD465C800902AE1 /* ContentViewModel.swift */ = {isa = PBXFileReference; lastKnownFileType = sourcecode.swift; path = ContentViewModel.swift; sourceTree = "<group>"; };
		2B1E9D502AD465F200902AE1 /* UserService.swift */ = {isa = PBXFileReference; lastKnownFileType = sourcecode.swift; path = UserService.swift; sourceTree = "<group>"; };
		2B1E9D522AD469B900902AE1 /* MainTabView.swift */ = {isa = PBXFileReference; lastKnownFileType = sourcecode.swift; path = MainTabView.swift; sourceTree = "<group>"; };
		2B1E9D542AD46A9500902AE1 /* ExploreView.swift */ = {isa = PBXFileReference; lastKnownFileType = sourcecode.swift; path = ExploreView.swift; sourceTree = "<group>"; };
		2B1E9D562AD46AC100902AE1 /* ProfileView.swift */ = {isa = PBXFileReference; lastKnownFileType = sourcecode.swift; path = ProfileView.swift; sourceTree = "<group>"; };
		2B1E9D5A2AD4793A00902AE1 /* CircularProfileImageView.swift */ = {isa = PBXFileReference; lastKnownFileType = sourcecode.swift; path = CircularProfileImageView.swift; sourceTree = "<group>"; };
		2B1E9D5C2AD4798000902AE1 /* CommentsView.swift */ = {isa = PBXFileReference; lastKnownFileType = sourcecode.swift; path = CommentsView.swift; sourceTree = "<group>"; };
		2B1E9D622AD479A600902AE1 /* Comment.swift */ = {isa = PBXFileReference; lastKnownFileType = sourcecode.swift; path = Comment.swift; sourceTree = "<group>"; };
		2B1E9D642AD479EB00902AE1 /* CommentCell.swift */ = {isa = PBXFileReference; lastKnownFileType = sourcecode.swift; path = CommentCell.swift; sourceTree = "<group>"; };
		2B1E9D662AD47A8000902AE1 /* CommentViewModel.swift */ = {isa = PBXFileReference; lastKnownFileType = sourcecode.swift; path = CommentViewModel.swift; sourceTree = "<group>"; };
		2B1E9D682AD47AD400902AE1 /* CommentService.swift */ = {isa = PBXFileReference; lastKnownFileType = sourcecode.swift; path = CommentService.swift; sourceTree = "<group>"; };
		2B1E9D6A2AD47C6700902AE1 /* CommentInputView.swift */ = {isa = PBXFileReference; lastKnownFileType = sourcecode.swift; path = CommentInputView.swift; sourceTree = "<group>"; };
		2B1E9D6F2AD4834500902AE1 /* CurrentUserProfileView.swift */ = {isa = PBXFileReference; lastKnownFileType = sourcecode.swift; path = CurrentUserProfileView.swift; sourceTree = "<group>"; };
		2B1E9D712AD4870100902AE1 /* ProfileHeaderView.swift */ = {isa = PBXFileReference; lastKnownFileType = sourcecode.swift; path = ProfileHeaderView.swift; sourceTree = "<group>"; };
		2B1E9D732AD48A6200902AE1 /* PostGridView.swift */ = {isa = PBXFileReference; lastKnownFileType = sourcecode.swift; path = PostGridView.swift; sourceTree = "<group>"; };
		2B1E9D772AD48C8C00902AE1 /* ProfileViewModel.swift */ = {isa = PBXFileReference; lastKnownFileType = sourcecode.swift; path = ProfileViewModel.swift; sourceTree = "<group>"; };
		2B1E9D7B2AD4986500902AE1 /* UploadIconView.swift */ = {isa = PBXFileReference; lastKnownFileType = sourcecode.swift; path = UploadIconView.swift; sourceTree = "<group>"; };
		2B1E9D7D2AD49A4000902AE1 /* NotificationsView.swift */ = {isa = PBXFileReference; lastKnownFileType = sourcecode.swift; path = NotificationsView.swift; sourceTree = "<group>"; };
		2B1E9D842AD49F6A00902AE1 /* UserListConfig.swift */ = {isa = PBXFileReference; lastKnownFileType = sourcecode.swift; path = UserListConfig.swift; sourceTree = "<group>"; };
		2B1E9D862AD49F8200902AE1 /* UserListService.swift */ = {isa = PBXFileReference; lastKnownFileType = sourcecode.swift; path = UserListService.swift; sourceTree = "<group>"; };
		2B1E9D882AD4A01400902AE1 /* UserCell.swift */ = {isa = PBXFileReference; lastKnownFileType = sourcecode.swift; path = UserCell.swift; sourceTree = "<group>"; };
		2B1E9D8A2AD4A18300902AE1 /* UserListViewModel.swift */ = {isa = PBXFileReference; lastKnownFileType = sourcecode.swift; path = UserListViewModel.swift; sourceTree = "<group>"; };
		2B1E9D8C2AD4A1CD00902AE1 /* UserListView.swift */ = {isa = PBXFileReference; lastKnownFileType = sourcecode.swift; path = UserListView.swift; sourceTree = "<group>"; };
		2B1E9D922AD4A30F00902AE1 /* NotificationsViewModel.swift */ = {isa = PBXFileReference; lastKnownFileType = sourcecode.swift; path = NotificationsViewModel.swift; sourceTree = "<group>"; };
		2B1E9D942AD4A31600902AE1 /* Notification.swift */ = {isa = PBXFileReference; lastKnownFileType = sourcecode.swift; path = Notification.swift; sourceTree = "<group>"; };
		2B1E9D962AD4A41000902AE1 /* NotificationService.swift */ = {isa = PBXFileReference; lastKnownFileType = sourcecode.swift; path = NotificationService.swift; sourceTree = "<group>"; };
		2B1E9D982AD4A4FD00902AE1 /* NotificationCell.swift */ = {isa = PBXFileReference; lastKnownFileType = sourcecode.swift; path = NotificationCell.swift; sourceTree = "<group>"; };
		2B1E9D9A2AD4A53700902AE1 /* NotificationCellViewModel.swift */ = {isa = PBXFileReference; lastKnownFileType = sourcecode.swift; path = NotificationCellViewModel.swift; sourceTree = "<group>"; };
		2B1E9DD62AD4AB4800902AE1 /* GoogleService-Info.plist */ = {isa = PBXFileReference; lastKnownFileType = text.plist; path = "GoogleService-Info.plist"; sourceTree = SOURCE_ROOT; };
		2B1E9DDA2AD4B1C200902AE1 /* UploadPostViewModel.swift */ = {isa = PBXFileReference; lastKnownFileType = sourcecode.swift; path = UploadPostViewModel.swift; sourceTree = "<group>"; };
		2B1E9DDD2AD4B1CF00902AE1 /* UploadPostService.swift */ = {isa = PBXFileReference; lastKnownFileType = sourcecode.swift; path = UploadPostService.swift; sourceTree = "<group>"; };
		2B1E9DDF2AD4B1E100902AE1 /* MediaUploader.swift */ = {isa = PBXFileReference; lastKnownFileType = sourcecode.swift; path = MediaUploader.swift; sourceTree = "<group>"; };
		2B1E9DE22AD4B20900902AE1 /* FirestoreConstants.swift */ = {isa = PBXFileReference; lastKnownFileType = sourcecode.swift; path = FirestoreConstants.swift; sourceTree = "<group>"; };
		2B1E9DE52AD4B9F100902AE1 /* Movie.swift */ = {isa = PBXFileReference; lastKnownFileType = sourcecode.swift; path = Movie.swift; sourceTree = "<group>"; };
		2B1E9DE72AD5991000902AE1 /* MediaSelectorView.swift */ = {isa = PBXFileReference; lastKnownFileType = sourcecode.swift; path = MediaSelectorView.swift; sourceTree = "<group>"; };
		2B1E9DE92AD59B2200902AE1 /* UploadPostView.swift */ = {isa = PBXFileReference; lastKnownFileType = sourcecode.swift; path = UploadPostView.swift; sourceTree = "<group>"; };
		2B1E9DEB2AD59F5500902AE1 /* MediaHelpers.swift */ = {isa = PBXFileReference; lastKnownFileType = sourcecode.swift; path = MediaHelpers.swift; sourceTree = "<group>"; };
		2B1E9DED2AD5A93A00902AE1 /* AuthService.swift */ = {isa = PBXFileReference; lastKnownFileType = sourcecode.swift; path = AuthService.swift; sourceTree = "<group>"; };
		2B1E9DEF2AD5B2EF00902AE1 /* RegistrationView.swift */ = {isa = PBXFileReference; lastKnownFileType = sourcecode.swift; path = RegistrationView.swift; sourceTree = "<group>"; };
		2B1E9DF12AD5B33E00902AE1 /* RegistrationViewModel.swift */ = {isa = PBXFileReference; lastKnownFileType = sourcecode.swift; path = RegistrationViewModel.swift; sourceTree = "<group>"; };
		2B1E9DF32AD5BBE000902AE1 /* Firestore+Query.swift */ = {isa = PBXFileReference; lastKnownFileType = sourcecode.swift; path = "Firestore+Query.swift"; sourceTree = "<group>"; };
		2B1E9DF62AD5D00500902AE1 /* EditProfileView.swift */ = {isa = PBXFileReference; lastKnownFileType = sourcecode.swift; path = EditProfileView.swift; sourceTree = "<group>"; };
		2B1E9DFA2AD5DA4800902AE1 /* EditProfileViewModel.swift */ = {isa = PBXFileReference; lastKnownFileType = sourcecode.swift; path = EditProfileViewModel.swift; sourceTree = "<group>"; };
		2B1E9DFC2AD6472400902AE1 /* PostService.swift */ = {isa = PBXFileReference; lastKnownFileType = sourcecode.swift; path = PostService.swift; sourceTree = "<group>"; };
		2B1E9DFF2AD7004D00902AE1 /* NotifcationManager.swift */ = {isa = PBXFileReference; lastKnownFileType = sourcecode.swift; path = NotifcationManager.swift; sourceTree = "<group>"; };
		2B1E9E012AD71CEE00902AE1 /* Firestore+Timestamp.swift */ = {isa = PBXFileReference; lastKnownFileType = sourcecode.swift; path = "Firestore+Timestamp.swift"; sourceTree = "<group>"; };
/* End PBXFileReference section */

/* Begin PBXFrameworksBuildPhase section */
		2B1E9CE82AD052B700902AE1 /* Frameworks */ = {
			isa = PBXFrameworksBuildPhase;
			buildActionMask = 2147483647;
			files = (
				2B1E9DB02AD4AAD500902AE1 /* FirebaseDatabase in Frameworks */,
				2B1E9DBE2AD4AAD500902AE1 /* FirebaseFunctionsCombine-Community in Frameworks */,
				2B1E9DB62AD4AAD500902AE1 /* FirebaseFirestore in Frameworks */,
				2B1E9DA22AD4AAD500902AE1 /* FirebaseAnalyticsSwift in Frameworks */,
				2B1E9D9E2AD4AAD500902AE1 /* FirebaseAnalytics in Frameworks */,
				2B1E9DA02AD4AAD500902AE1 /* FirebaseAnalyticsOnDeviceConversion in Frameworks */,
				2B1E9DC62AD4AAD500902AE1 /* FirebaseMLModelDownloader in Frameworks */,
				2B1E9DBA2AD4AAD500902AE1 /* FirebaseFirestoreSwift in Frameworks */,
				2B1E9DA62AD4AAD500902AE1 /* FirebaseAppCheck in Frameworks */,
				2B1E9DA42AD4AAD500902AE1 /* FirebaseAnalyticsWithoutAdIdSupport in Frameworks */,
				2B1E9DAA2AD4AAD500902AE1 /* FirebaseAuth in Frameworks */,
				2B1E9DAE2AD4AAD500902AE1 /* FirebaseCrashlytics in Frameworks */,
				2B1E9DCE2AD4AAD500902AE1 /* FirebaseRemoteConfigSwift in Frameworks */,
				2B1E9DC02AD4AAD500902AE1 /* FirebaseInAppMessaging-Beta in Frameworks */,
				2B1E9DB22AD4AAD500902AE1 /* FirebaseDatabaseSwift in Frameworks */,
				2B1E9DBC2AD4AAD500902AE1 /* FirebaseFunctions in Frameworks */,
				2B1E9DD52AD4AAE600902AE1 /* Kingfisher in Frameworks */,
				2B1E9DD22AD4AAD500902AE1 /* FirebaseStorageCombine-Community in Frameworks */,
				2B1E9DCC2AD4AAD500902AE1 /* FirebaseRemoteConfig in Frameworks */,
				2B1E9DA82AD4AAD500902AE1 /* FirebaseAppDistribution-Beta in Frameworks */,
				2B1E9DAC2AD4AAD500902AE1 /* FirebaseAuthCombine-Community in Frameworks */,
				2B1E9DCA2AD4AAD500902AE1 /* FirebasePerformance in Frameworks */,
				2B1E9DC22AD4AAD500902AE1 /* FirebaseInAppMessagingSwift-Beta in Frameworks */,
				2B1E9DD02AD4AAD500902AE1 /* FirebaseStorage in Frameworks */,
				2B1E9DB42AD4AAD500902AE1 /* FirebaseDynamicLinks in Frameworks */,
				2B1E9DB82AD4AAD500902AE1 /* FirebaseFirestoreCombine-Community in Frameworks */,
				2B1E9DC82AD4AAD500902AE1 /* FirebaseMessaging in Frameworks */,
				2B1E9DC42AD4AAD500902AE1 /* FirebaseInstallations in Frameworks */,
			);
			runOnlyForDeploymentPostprocessing = 0;
		};
/* End PBXFrameworksBuildPhase section */

/* Begin PBXGroup section */
		2B1E9CE22AD052B700902AE1 = {
			isa = PBXGroup;
			children = (
				2B1E9CED2AD052B700902AE1 /* TikTokClone */,
				2B1E9CEC2AD052B700902AE1 /* Products */,
			);
			sourceTree = "<group>";
		};
		2B1E9CEC2AD052B700902AE1 /* Products */ = {
			isa = PBXGroup;
			children = (
				2B1E9CEB2AD052B700902AE1 /* TikTokClone.app */,
			);
			name = Products;
			sourceTree = "<group>";
		};
		2B1E9CED2AD052B700902AE1 /* TikTokClone */ = {
			isa = PBXGroup;
			children = (
				2B1E9D012AD052CF00902AE1 /* App */,
				2B1E9D002AD052CE00902AE1 /* Core */,
				2B1E9CFF2AD052CC00902AE1 /* Extensions */,
				2B1E9CFE2AD052CB00902AE1 /* Model */,
				2B1E9CFD2AD052C900902AE1 /* Services */,
				2B1E9CFC2AD052C800902AE1 /* Utils */,
				2B1E9DD62AD4AB4800902AE1 /* GoogleService-Info.plist */,
				2B1E9CF22AD052B800902AE1 /* Assets.xcassets */,
				2B1E9CF42AD052B800902AE1 /* Preview Content */,
			);
			path = TikTokClone;
			sourceTree = "<group>";
		};
		2B1E9CF42AD052B800902AE1 /* Preview Content */ = {
			isa = PBXGroup;
			children = (
				2B1E9CF52AD052B800902AE1 /* Preview Assets.xcassets */,
			);
			path = "Preview Content";
			sourceTree = "<group>";
		};
		2B1E9CFC2AD052C800902AE1 /* Utils */ = {
			isa = PBXGroup;
			children = (
				2B1E9DE12AD4B1FC00902AE1 /* Constants */,
				2B1E9D492AD4653F00902AE1 /* Modifiers */,
				2B1E9DEB2AD59F5500902AE1 /* MediaHelpers.swift */,
			);
			path = Utils;
			sourceTree = "<group>";
		};
		2B1E9CFD2AD052C900902AE1 /* Services */ = {
			isa = PBXGroup;
			children = (
				2B1E9D502AD465F200902AE1 /* UserService.swift */,
				2B1E9DDF2AD4B1E100902AE1 /* MediaUploader.swift */,
				2B1E9DFC2AD6472400902AE1 /* PostService.swift */,
			);
			path = Services;
			sourceTree = "<group>";
		};
		2B1E9CFE2AD052CB00902AE1 /* Model */ = {
			isa = PBXGroup;
			children = (
				2B1E9D1F2AD3233E00902AE1 /* User.swift */,
				2B1E9D232AD3245700902AE1 /* Post.swift */,
			);
			path = Model;
			sourceTree = "<group>";
		};
		2B1E9CFF2AD052CC00902AE1 /* Extensions */ = {
			isa = PBXGroup;
			children = (
				2B1E9D212AD3239500902AE1 /* DeveloperPreview.swift */,
				2B1E9DF32AD5BBE000902AE1 /* Firestore+Query.swift */,
				2B1E9E012AD71CEE00902AE1 /* Firestore+Timestamp.swift */,
			);
			path = Extensions;
			sourceTree = "<group>";
		};
		2B1E9D002AD052CE00902AE1 /* Core */ = {
			isa = PBXGroup;
			children = (
				2B1E9D0A2AD0540F00902AE1 /* Authentication */,
				2B1E9D092AD0540A00902AE1 /* Comments */,
				2B1E9D1A2AD3008900902AE1 /* Components */,
				2B1E9D082AD0540700902AE1 /* Feed */,
				2B1E9D072AD053FF00902AE1 /* Notifications */,
				2B1E9D062AD053FE00902AE1 /* Profile */,
				2B1E9D052AD053F900902AE1 /* Root */,
				2B1E9D042AD053F700902AE1 /* Search */,
				2B1E9D032AD053F500902AE1 /* TabBar */,
				2B1E9D7F2AD49F4C00902AE1 /* UserList */,
				2B1E9D022AD053EE00902AE1 /* UploadMedia */,
			);
			path = Core;
			sourceTree = "<group>";
		};
		2B1E9D012AD052CF00902AE1 /* App */ = {
			isa = PBXGroup;
			children = (
				2B1E9CEE2AD052B700902AE1 /* TikTokCloneApp.swift */,
			);
			path = App;
			sourceTree = "<group>";
		};
		2B1E9D022AD053EE00902AE1 /* UploadMedia */ = {
			isa = PBXGroup;
			children = (
				2B1E9DE42AD4B9EB00902AE1 /* Model */,
				2B1E9DDC2AD4B1C400902AE1 /* Service */,
				2B1E9DD82AD4B1B100902AE1 /* View */,
				2B1E9DD92AD4B1B400902AE1 /* ViewModel */,
			);
			path = UploadMedia;
			sourceTree = "<group>";
		};
		2B1E9D032AD053F500902AE1 /* TabBar */ = {
			isa = PBXGroup;
			children = (
				2B1E9D522AD469B900902AE1 /* MainTabView.swift */,
			);
			path = TabBar;
			sourceTree = "<group>";
		};
		2B1E9D042AD053F700902AE1 /* Search */ = {
			isa = PBXGroup;
			children = (
				2B1E9D542AD46A9500902AE1 /* ExploreView.swift */,
			);
			path = Search;
			sourceTree = "<group>";
		};
		2B1E9D052AD053F900902AE1 /* Root */ = {
			isa = PBXGroup;
			children = (
				2B1E9CF02AD052B700902AE1 /* ContentView.swift */,
				2B1E9D4E2AD465C800902AE1 /* ContentViewModel.swift */,
			);
			path = Root;
			sourceTree = "<group>";
		};
		2B1E9D062AD053FE00902AE1 /* Profile */ = {
			isa = PBXGroup;
			children = (
				2B1E9DF52AD5CFF800902AE1 /* EditProfile */,
				2B1E9D752AD48C7B00902AE1 /* View */,
				2B1E9D762AD48C7D00902AE1 /* ViewModel */,
			);
			path = Profile;
			sourceTree = "<group>";
		};
		2B1E9D072AD053FF00902AE1 /* Notifications */ = {
			isa = PBXGroup;
			children = (
				2B1E9DFE2AD7004300902AE1 /* Managers */,
				2B1E9D902AD4A2F000902AE1 /* Model */,
				2B1E9D912AD4A2F200902AE1 /* Service */,
				2B1E9D8F2AD4A2EC00902AE1 /* View */,
				2B1E9D8E2AD4A2E600902AE1 /* ViewModel */,
			);
			path = Notifications;
			sourceTree = "<group>";
		};
		2B1E9D082AD0540700902AE1 /* Feed */ = {
			isa = PBXGroup;
			children = (
				2B1E9D252AD3261900902AE1 /* Service */,
				2B1E9D0B2AD0547E00902AE1 /* View */,
				2B1E9D0C2AD0548D00902AE1 /* ViewModel */,
			);
			path = Feed;
			sourceTree = "<group>";
		};
		2B1E9D092AD0540A00902AE1 /* Comments */ = {
			isa = PBXGroup;
			children = (
				2B1E9D612AD4798B00902AE1 /* Service */,
				2B1E9D602AD4798700902AE1 /* Model */,
				2B1E9D5F2AD4798500902AE1 /* View */,
				2B1E9D5E2AD4798100902AE1 /* ViewModel */,
			);
			path = Comments;
			sourceTree = "<group>";
		};
		2B1E9D0A2AD0540F00902AE1 /* Authentication */ = {
			isa = PBXGroup;
			children = (
				2B1E9D372AD45D1000902AE1 /* Model */,
				2B1E9D3B2AD45D4200902AE1 /* Protocols */,
				2B1E9D3A2AD45D3100902AE1 /* Service */,
				2B1E9D402AD45D8F00902AE1 /* View */,
				2B1E9D412AD45D9100902AE1 /* ViewModel */,
			);
			path = Authentication;
			sourceTree = "<group>";
		};
		2B1E9D0B2AD0547E00902AE1 /* View */ = {
			isa = PBXGroup;
			children = (
				2B1E9D0D2AD0549800902AE1 /* FeedView.swift */,
				2B1E9D1D2AD3054F00902AE1 /* FeedCell.swift */,
				2B1E9D282AD32C0100902AE1 /* ScrollViewStuff.swift */,
			);
			path = View;
			sourceTree = "<group>";
		};
		2B1E9D0C2AD0548D00902AE1 /* ViewModel */ = {
			isa = PBXGroup;
			children = (
				2B1E9D0F2AD0549F00902AE1 /* FeedViewModel.swift */,
			);
			path = ViewModel;
			sourceTree = "<group>";
		};
		2B1E9D1A2AD3008900902AE1 /* Components */ = {
			isa = PBXGroup;
			children = (
				2B1E9D1B2AD3009500902AE1 /* VideoPlayer.swift */,
				2B1E9D5A2AD4793A00902AE1 /* CircularProfileImageView.swift */,
			);
			path = Components;
			sourceTree = "<group>";
		};
		2B1E9D252AD3261900902AE1 /* Service */ = {
			isa = PBXGroup;
			children = (
				2B1E9D262AD3261E00902AE1 /* FeedService.swift */,
			);
			path = Service;
			sourceTree = "<group>";
		};
		2B1E9D372AD45D1000902AE1 /* Model */ = {
			isa = PBXGroup;
			children = (
				2B1E9D382AD45D1900902AE1 /* AuthError.swift */,
			);
			path = Model;
			sourceTree = "<group>";
		};
		2B1E9D3A2AD45D3100902AE1 /* Service */ = {
			isa = PBXGroup;
			children = (
				2B1E9D432AD45DBB00902AE1 /* MockAuthService.swift */,
				2B1E9DED2AD5A93A00902AE1 /* AuthService.swift */,
			);
			path = Service;
			sourceTree = "<group>";
		};
		2B1E9D3B2AD45D4200902AE1 /* Protocols */ = {
			isa = PBXGroup;
			children = (
				2B1E9D3C2AD45D4B00902AE1 /* AuthServiceProtocol.swift */,
				2B1E9D3E2AD45D8100902AE1 /* AuthenticationFormProtocol.swift */,
			);
			path = Protocols;
			sourceTree = "<group>";
		};
		2B1E9D402AD45D8F00902AE1 /* View */ = {
			isa = PBXGroup;
			children = (
				2B1E9D452AD4650E00902AE1 /* LoginView.swift */,
				2B1E9DEF2AD5B2EF00902AE1 /* RegistrationView.swift */,
			);
			path = View;
			sourceTree = "<group>";
		};
		2B1E9D412AD45D9100902AE1 /* ViewModel */ = {
			isa = PBXGroup;
			children = (
				2B1E9D472AD4652600902AE1 /* LoginViewModel.swift */,
				2B1E9DF12AD5B33E00902AE1 /* RegistrationViewModel.swift */,
			);
			path = ViewModel;
			sourceTree = "<group>";
		};
		2B1E9D492AD4653F00902AE1 /* Modifiers */ = {
			isa = PBXGroup;
			children = (
				2B1E9D4A2AD4655200902AE1 /* StandardTextFieldModifier.swift */,
				2B1E9D4C2AD4656100902AE1 /* StandardButtonModifier.swift */,
			);
			path = Modifiers;
			sourceTree = "<group>";
		};
		2B1E9D5E2AD4798100902AE1 /* ViewModel */ = {
			isa = PBXGroup;
			children = (
				2B1E9D662AD47A8000902AE1 /* CommentViewModel.swift */,
			);
			path = ViewModel;
			sourceTree = "<group>";
		};
		2B1E9D5F2AD4798500902AE1 /* View */ = {
			isa = PBXGroup;
			children = (
				2B1E9D642AD479EB00902AE1 /* CommentCell.swift */,
				2B1E9D5C2AD4798000902AE1 /* CommentsView.swift */,
				2B1E9D6A2AD47C6700902AE1 /* CommentInputView.swift */,
			);
			path = View;
			sourceTree = "<group>";
		};
		2B1E9D602AD4798700902AE1 /* Model */ = {
			isa = PBXGroup;
			children = (
				2B1E9D622AD479A600902AE1 /* Comment.swift */,
			);
			path = Model;
			sourceTree = "<group>";
		};
		2B1E9D612AD4798B00902AE1 /* Service */ = {
			isa = PBXGroup;
			children = (
				2B1E9D682AD47AD400902AE1 /* CommentService.swift */,
			);
			path = Service;
			sourceTree = "<group>";
		};
		2B1E9D752AD48C7B00902AE1 /* View */ = {
			isa = PBXGroup;
			children = (
				2B1E9D562AD46AC100902AE1 /* ProfileView.swift */,
				2B1E9D6F2AD4834500902AE1 /* CurrentUserProfileView.swift */,
				2B1E9D712AD4870100902AE1 /* ProfileHeaderView.swift */,
				2B1E9D732AD48A6200902AE1 /* PostGridView.swift */,
			);
			path = View;
			sourceTree = "<group>";
		};
		2B1E9D762AD48C7D00902AE1 /* ViewModel */ = {
			isa = PBXGroup;
			children = (
				2B1E9D772AD48C8C00902AE1 /* ProfileViewModel.swift */,
			);
			path = ViewModel;
			sourceTree = "<group>";
		};
		2B1E9D7F2AD49F4C00902AE1 /* UserList */ = {
			isa = PBXGroup;
			children = (
				2B1E9D832AD49F6200902AE1 /* Model */,
				2B1E9D822AD49F5900902AE1 /* Service */,
				2B1E9D812AD49F5600902AE1 /* View */,
				2B1E9D802AD49F5200902AE1 /* ViewModel */,
			);
			path = UserList;
			sourceTree = "<group>";
		};
		2B1E9D802AD49F5200902AE1 /* ViewModel */ = {
			isa = PBXGroup;
			children = (
				2B1E9D8A2AD4A18300902AE1 /* UserListViewModel.swift */,
			);
			path = ViewModel;
			sourceTree = "<group>";
		};
		2B1E9D812AD49F5600902AE1 /* View */ = {
			isa = PBXGroup;
			children = (
				2B1E9D882AD4A01400902AE1 /* UserCell.swift */,
				2B1E9D8C2AD4A1CD00902AE1 /* UserListView.swift */,
			);
			path = View;
			sourceTree = "<group>";
		};
		2B1E9D822AD49F5900902AE1 /* Service */ = {
			isa = PBXGroup;
			children = (
				2B1E9D862AD49F8200902AE1 /* UserListService.swift */,
			);
			path = Service;
			sourceTree = "<group>";
		};
		2B1E9D832AD49F6200902AE1 /* Model */ = {
			isa = PBXGroup;
			children = (
				2B1E9D842AD49F6A00902AE1 /* UserListConfig.swift */,
			);
			path = Model;
			sourceTree = "<group>";
		};
		2B1E9D8E2AD4A2E600902AE1 /* ViewModel */ = {
			isa = PBXGroup;
			children = (
				2B1E9D922AD4A30F00902AE1 /* NotificationsViewModel.swift */,
				2B1E9D9A2AD4A53700902AE1 /* NotificationCellViewModel.swift */,
			);
			path = ViewModel;
			sourceTree = "<group>";
		};
		2B1E9D8F2AD4A2EC00902AE1 /* View */ = {
			isa = PBXGroup;
			children = (
				2B1E9D7D2AD49A4000902AE1 /* NotificationsView.swift */,
				2B1E9D982AD4A4FD00902AE1 /* NotificationCell.swift */,
			);
			path = View;
			sourceTree = "<group>";
		};
		2B1E9D902AD4A2F000902AE1 /* Model */ = {
			isa = PBXGroup;
			children = (
				2B1E9D942AD4A31600902AE1 /* Notification.swift */,
			);
			path = Model;
			sourceTree = "<group>";
		};
		2B1E9D912AD4A2F200902AE1 /* Service */ = {
			isa = PBXGroup;
			children = (
				2B1E9D962AD4A41000902AE1 /* NotificationService.swift */,
			);
			path = Service;
			sourceTree = "<group>";
		};
		2B1E9DD82AD4B1B100902AE1 /* View */ = {
			isa = PBXGroup;
			children = (
				2B1E9D7B2AD4986500902AE1 /* UploadIconView.swift */,
				2B1E9DE72AD5991000902AE1 /* MediaSelectorView.swift */,
				2B1E9DE92AD59B2200902AE1 /* UploadPostView.swift */,
			);
			path = View;
			sourceTree = "<group>";
		};
		2B1E9DD92AD4B1B400902AE1 /* ViewModel */ = {
			isa = PBXGroup;
			children = (
				2B1E9DDA2AD4B1C200902AE1 /* UploadPostViewModel.swift */,
			);
			path = ViewModel;
			sourceTree = "<group>";
		};
		2B1E9DDC2AD4B1C400902AE1 /* Service */ = {
			isa = PBXGroup;
			children = (
				2B1E9DDD2AD4B1CF00902AE1 /* UploadPostService.swift */,
			);
			path = Service;
			sourceTree = "<group>";
		};
		2B1E9DE12AD4B1FC00902AE1 /* Constants */ = {
			isa = PBXGroup;
			children = (
				2B1E9DE22AD4B20900902AE1 /* FirestoreConstants.swift */,
			);
			path = Constants;
			sourceTree = "<group>";
		};
		2B1E9DE42AD4B9EB00902AE1 /* Model */ = {
			isa = PBXGroup;
			children = (
				2B1E9DE52AD4B9F100902AE1 /* Movie.swift */,
			);
			path = Model;
			sourceTree = "<group>";
		};
		2B1E9DF52AD5CFF800902AE1 /* EditProfile */ = {
			isa = PBXGroup;
			children = (
				2B1E9DF62AD5D00500902AE1 /* EditProfileView.swift */,
				2B1E9DFA2AD5DA4800902AE1 /* EditProfileViewModel.swift */,
			);
			path = EditProfile;
			sourceTree = "<group>";
		};
		2B1E9DFE2AD7004300902AE1 /* Managers */ = {
			isa = PBXGroup;
			children = (
				2B1E9DFF2AD7004D00902AE1 /* NotifcationManager.swift */,
			);
			path = Managers;
			sourceTree = "<group>";
		};
/* End PBXGroup section */

/* Begin PBXNativeTarget section */
		2B1E9CEA2AD052B700902AE1 /* TikTokClone */ = {
			isa = PBXNativeTarget;
			buildConfigurationList = 2B1E9CF92AD052B800902AE1 /* Build configuration list for PBXNativeTarget "TikTokClone" */;
			buildPhases = (
				2B1E9CE72AD052B700902AE1 /* Sources */,
				2B1E9CE82AD052B700902AE1 /* Frameworks */,
				2B1E9CE92AD052B700902AE1 /* Resources */,
			);
			buildRules = (
			);
			dependencies = (
			);
			name = TikTokClone;
			packageProductDependencies = (
				2B1E9D9D2AD4AAD500902AE1 /* FirebaseAnalytics */,
				2B1E9D9F2AD4AAD500902AE1 /* FirebaseAnalyticsOnDeviceConversion */,
				2B1E9DA12AD4AAD500902AE1 /* FirebaseAnalyticsSwift */,
				2B1E9DA32AD4AAD500902AE1 /* FirebaseAnalyticsWithoutAdIdSupport */,
				2B1E9DA52AD4AAD500902AE1 /* FirebaseAppCheck */,
				2B1E9DA72AD4AAD500902AE1 /* FirebaseAppDistribution-Beta */,
				2B1E9DA92AD4AAD500902AE1 /* FirebaseAuth */,
				2B1E9DAB2AD4AAD500902AE1 /* FirebaseAuthCombine-Community */,
				2B1E9DAD2AD4AAD500902AE1 /* FirebaseCrashlytics */,
				2B1E9DAF2AD4AAD500902AE1 /* FirebaseDatabase */,
				2B1E9DB12AD4AAD500902AE1 /* FirebaseDatabaseSwift */,
				2B1E9DB32AD4AAD500902AE1 /* FirebaseDynamicLinks */,
				2B1E9DB52AD4AAD500902AE1 /* FirebaseFirestore */,
				2B1E9DB72AD4AAD500902AE1 /* FirebaseFirestoreCombine-Community */,
				2B1E9DB92AD4AAD500902AE1 /* FirebaseFirestoreSwift */,
				2B1E9DBB2AD4AAD500902AE1 /* FirebaseFunctions */,
				2B1E9DBD2AD4AAD500902AE1 /* FirebaseFunctionsCombine-Community */,
				2B1E9DBF2AD4AAD500902AE1 /* FirebaseInAppMessaging-Beta */,
				2B1E9DC12AD4AAD500902AE1 /* FirebaseInAppMessagingSwift-Beta */,
				2B1E9DC32AD4AAD500902AE1 /* FirebaseInstallations */,
				2B1E9DC52AD4AAD500902AE1 /* FirebaseMLModelDownloader */,
				2B1E9DC72AD4AAD500902AE1 /* FirebaseMessaging */,
				2B1E9DC92AD4AAD500902AE1 /* FirebasePerformance */,
				2B1E9DCB2AD4AAD500902AE1 /* FirebaseRemoteConfig */,
				2B1E9DCD2AD4AAD500902AE1 /* FirebaseRemoteConfigSwift */,
				2B1E9DCF2AD4AAD500902AE1 /* FirebaseStorage */,
				2B1E9DD12AD4AAD500902AE1 /* FirebaseStorageCombine-Community */,
				2B1E9DD42AD4AAE600902AE1 /* Kingfisher */,
			);
			productName = TikTokClone;
			productReference = 2B1E9CEB2AD052B700902AE1 /* TikTokClone.app */;
			productType = "com.apple.product-type.application";
		};
/* End PBXNativeTarget section */

/* Begin PBXProject section */
		2B1E9CE32AD052B700902AE1 /* Project object */ = {
			isa = PBXProject;
			attributes = {
				BuildIndependentTargetsInParallel = 1;
				LastSwiftUpdateCheck = 1500;
				LastUpgradeCheck = 1500;
				TargetAttributes = {
					2B1E9CEA2AD052B700902AE1 = {
						CreatedOnToolsVersion = 15.0;
					};
				};
			};
			buildConfigurationList = 2B1E9CE62AD052B700902AE1 /* Build configuration list for PBXProject "TikTokClone" */;
			compatibilityVersion = "Xcode 14.0";
			developmentRegion = en;
			hasScannedForEncodings = 0;
			knownRegions = (
				en,
				Base,
			);
			mainGroup = 2B1E9CE22AD052B700902AE1;
			packageReferences = (
				2B1E9D9C2AD4AAD500902AE1 /* XCRemoteSwiftPackageReference "firebase-ios-sdk" */,
				2B1E9DD32AD4AAE500902AE1 /* XCRemoteSwiftPackageReference "Kingfisher" */,
			);
			productRefGroup = 2B1E9CEC2AD052B700902AE1 /* Products */;
			projectDirPath = "";
			projectRoot = "";
			targets = (
				2B1E9CEA2AD052B700902AE1 /* TikTokClone */,
			);
		};
/* End PBXProject section */

/* Begin PBXResourcesBuildPhase section */
		2B1E9CE92AD052B700902AE1 /* Resources */ = {
			isa = PBXResourcesBuildPhase;
			buildActionMask = 2147483647;
			files = (
				2B1E9CF62AD052B800902AE1 /* Preview Assets.xcassets in Resources */,
				2B1E9CF32AD052B800902AE1 /* Assets.xcassets in Resources */,
				2B1E9DD72AD4AB4800902AE1 /* GoogleService-Info.plist in Resources */,
			);
			runOnlyForDeploymentPostprocessing = 0;
		};
/* End PBXResourcesBuildPhase section */

/* Begin PBXSourcesBuildPhase section */
		2B1E9CE72AD052B700902AE1 /* Sources */ = {
			isa = PBXSourcesBuildPhase;
			buildActionMask = 2147483647;
			files = (
				2B1E9E002AD7004D00902AE1 /* NotifcationManager.swift in Sources */,
				2B1E9D852AD49F6A00902AE1 /* UserListConfig.swift in Sources */,
				2B1E9D6B2AD47C6700902AE1 /* CommentInputView.swift in Sources */,
				2B1E9D9B2AD4A53700902AE1 /* NotificationCellViewModel.swift in Sources */,
				2B1E9CF12AD052B700902AE1 /* ContentView.swift in Sources */,
				2B1E9D222AD3239500902AE1 /* DeveloperPreview.swift in Sources */,
				2B1E9E022AD71CEE00902AE1 /* Firestore+Timestamp.swift in Sources */,
				2B1E9DF72AD5D00500902AE1 /* EditProfileView.swift in Sources */,
				2B1E9DE02AD4B1E100902AE1 /* MediaUploader.swift in Sources */,
				2B1E9DEE2AD5A93A00902AE1 /* AuthService.swift in Sources */,
				2B1E9DDE2AD4B1CF00902AE1 /* UploadPostService.swift in Sources */,
				2B1E9D1C2AD3009500902AE1 /* VideoPlayer.swift in Sources */,
				2B1E9D932AD4A30F00902AE1 /* NotificationsViewModel.swift in Sources */,
				2B1E9D0E2AD0549800902AE1 /* FeedView.swift in Sources */,
				2B1E9D5B2AD4793A00902AE1 /* CircularProfileImageView.swift in Sources */,
				2B1E9D8D2AD4A1CD00902AE1 /* UserListView.swift in Sources */,
				2B1E9D4F2AD465C800902AE1 /* ContentViewModel.swift in Sources */,
				2B1E9D672AD47A8000902AE1 /* CommentViewModel.swift in Sources */,
				2B1E9D532AD469B900902AE1 /* MainTabView.swift in Sources */,
				2B1E9DF42AD5BBE000902AE1 /* Firestore+Query.swift in Sources */,
				2B1E9D872AD49F8200902AE1 /* UserListService.swift in Sources */,
				2B1E9D102AD0549F00902AE1 /* FeedViewModel.swift in Sources */,
				2B1E9D552AD46A9500902AE1 /* ExploreView.swift in Sources */,
				2B1E9D702AD4834500902AE1 /* CurrentUserProfileView.swift in Sources */,
				2B1E9D3D2AD45D4B00902AE1 /* AuthServiceProtocol.swift in Sources */,
				2B1E9D5D2AD4798000902AE1 /* CommentsView.swift in Sources */,
				2B1E9DDB2AD4B1C200902AE1 /* UploadPostViewModel.swift in Sources */,
				2B1E9CEF2AD052B700902AE1 /* TikTokCloneApp.swift in Sources */,
				2B1E9D692AD47AD400902AE1 /* CommentService.swift in Sources */,
				2B1E9D4B2AD4655200902AE1 /* StandardTextFieldModifier.swift in Sources */,
				2B1E9DE82AD5991000902AE1 /* MediaSelectorView.swift in Sources */,
				2B1E9D392AD45D1900902AE1 /* AuthError.swift in Sources */,
				2B1E9D892AD4A01400902AE1 /* UserCell.swift in Sources */,
				2B1E9DFD2AD6472400902AE1 /* PostService.swift in Sources */,
				2B1E9D7C2AD4986500902AE1 /* UploadIconView.swift in Sources */,
				2B1E9D972AD4A41000902AE1 /* NotificationService.swift in Sources */,
				2B1E9DF22AD5B33E00902AE1 /* RegistrationViewModel.swift in Sources */,
				2B1E9DE32AD4B20900902AE1 /* FirestoreConstants.swift in Sources */,
				2B1E9D742AD48A6200902AE1 /* PostGridView.swift in Sources */,
				2B1E9D242AD3245700902AE1 /* Post.swift in Sources */,
				2B1E9D952AD4A31600902AE1 /* Notification.swift in Sources */,
				2B1E9D992AD4A4FD00902AE1 /* NotificationCell.swift in Sources */,
				2B1E9DEA2AD59B2200902AE1 /* UploadPostView.swift in Sources */,
				2B1E9D7E2AD49A4000902AE1 /* NotificationsView.swift in Sources */,
				2B1E9D1E2AD3054F00902AE1 /* FeedCell.swift in Sources */,
				2B1E9DE62AD4B9F100902AE1 /* Movie.swift in Sources */,
				2B1E9DFB2AD5DA4800902AE1 /* EditProfileViewModel.swift in Sources */,
				2B1E9DEC2AD59F5500902AE1 /* MediaHelpers.swift in Sources */,
				2B1E9D722AD4870100902AE1 /* ProfileHeaderView.swift in Sources */,
				2B1E9D482AD4652600902AE1 /* LoginViewModel.swift in Sources */,
				2B1E9D3F2AD45D8100902AE1 /* AuthenticationFormProtocol.swift in Sources */,
				2B1E9DF02AD5B2EF00902AE1 /* RegistrationView.swift in Sources */,
				2B1E9D572AD46AC100902AE1 /* ProfileView.swift in Sources */,
				2B1E9D512AD465F200902AE1 /* UserService.swift in Sources */,
				2B1E9D292AD32C0100902AE1 /* ScrollViewStuff.swift in Sources */,
				2B1E9D442AD45DBB00902AE1 /* MockAuthService.swift in Sources */,
				2B1E9D8B2AD4A18300902AE1 /* UserListViewModel.swift in Sources */,
				2B1E9D4D2AD4656100902AE1 /* StandardButtonModifier.swift in Sources */,
				2B1E9D782AD48C8C00902AE1 /* ProfileViewModel.swift in Sources */,
				2B1E9D202AD3233E00902AE1 /* User.swift in Sources */,
				2B1E9D462AD4650E00902AE1 /* LoginView.swift in Sources */,
				2B1E9D632AD479A600902AE1 /* Comment.swift in Sources */,
				2B1E9D272AD3261E00902AE1 /* FeedService.swift in Sources */,
				2B1E9D652AD479EB00902AE1 /* CommentCell.swift in Sources */,
			);
			runOnlyForDeploymentPostprocessing = 0;
		};
/* End PBXSourcesBuildPhase section */

/* Begin XCBuildConfiguration section */
		2B1E9CF72AD052B800902AE1 /* Debug */ = {
			isa = XCBuildConfiguration;
			buildSettings = {
				ALWAYS_SEARCH_USER_PATHS = NO;
				ASSETCATALOG_COMPILER_GENERATE_SWIFT_ASSET_SYMBOL_EXTENSIONS = YES;
				CLANG_ANALYZER_NONNULL = YES;
				CLANG_ANALYZER_NUMBER_OBJECT_CONVERSION = YES_AGGRESSIVE;
				CLANG_CXX_LANGUAGE_STANDARD = "gnu++20";
				CLANG_ENABLE_MODULES = YES;
				CLANG_ENABLE_OBJC_ARC = YES;
				CLANG_ENABLE_OBJC_WEAK = YES;
				CLANG_WARN_BLOCK_CAPTURE_AUTORELEASING = YES;
				CLANG_WARN_BOOL_CONVERSION = YES;
				CLANG_WARN_COMMA = YES;
				CLANG_WARN_CONSTANT_CONVERSION = YES;
				CLANG_WARN_DEPRECATED_OBJC_IMPLEMENTATIONS = YES;
				CLANG_WARN_DIRECT_OBJC_ISA_USAGE = YES_ERROR;
				CLANG_WARN_DOCUMENTATION_COMMENTS = YES;
				CLANG_WARN_EMPTY_BODY = YES;
				CLANG_WARN_ENUM_CONVERSION = YES;
				CLANG_WARN_INFINITE_RECURSION = YES;
				CLANG_WARN_INT_CONVERSION = YES;
				CLANG_WARN_NON_LITERAL_NULL_CONVERSION = YES;
				CLANG_WARN_OBJC_IMPLICIT_RETAIN_SELF = YES;
				CLANG_WARN_OBJC_LITERAL_CONVERSION = YES;
				CLANG_WARN_OBJC_ROOT_CLASS = YES_ERROR;
				CLANG_WARN_QUOTED_INCLUDE_IN_FRAMEWORK_HEADER = YES;
				CLANG_WARN_RANGE_LOOP_ANALYSIS = YES;
				CLANG_WARN_STRICT_PROTOTYPES = YES;
				CLANG_WARN_SUSPICIOUS_MOVE = YES;
				CLANG_WARN_UNGUARDED_AVAILABILITY = YES_AGGRESSIVE;
				CLANG_WARN_UNREACHABLE_CODE = YES;
				CLANG_WARN__DUPLICATE_METHOD_MATCH = YES;
				COPY_PHASE_STRIP = NO;
				DEBUG_INFORMATION_FORMAT = dwarf;
				ENABLE_STRICT_OBJC_MSGSEND = YES;
				ENABLE_TESTABILITY = YES;
				ENABLE_USER_SCRIPT_SANDBOXING = YES;
				GCC_C_LANGUAGE_STANDARD = gnu17;
				GCC_DYNAMIC_NO_PIC = NO;
				GCC_NO_COMMON_BLOCKS = YES;
				GCC_OPTIMIZATION_LEVEL = 0;
				GCC_PREPROCESSOR_DEFINITIONS = (
					"DEBUG=1",
					"$(inherited)",
				);
				GCC_WARN_64_TO_32_BIT_CONVERSION = YES;
				GCC_WARN_ABOUT_RETURN_TYPE = YES_ERROR;
				GCC_WARN_UNDECLARED_SELECTOR = YES;
				GCC_WARN_UNINITIALIZED_AUTOS = YES_AGGRESSIVE;
				GCC_WARN_UNUSED_FUNCTION = YES;
				GCC_WARN_UNUSED_VARIABLE = YES;
				IPHONEOS_DEPLOYMENT_TARGET = 17.0;
				LOCALIZATION_PREFERS_STRING_CATALOGS = YES;
				MTL_ENABLE_DEBUG_INFO = INCLUDE_SOURCE;
				MTL_FAST_MATH = YES;
				ONLY_ACTIVE_ARCH = YES;
				SDKROOT = iphoneos;
				SWIFT_ACTIVE_COMPILATION_CONDITIONS = "DEBUG $(inherited)";
				SWIFT_OPTIMIZATION_LEVEL = "-Onone";
			};
			name = Debug;
		};
		2B1E9CF82AD052B800902AE1 /* Release */ = {
			isa = XCBuildConfiguration;
			buildSettings = {
				ALWAYS_SEARCH_USER_PATHS = NO;
				ASSETCATALOG_COMPILER_GENERATE_SWIFT_ASSET_SYMBOL_EXTENSIONS = YES;
				CLANG_ANALYZER_NONNULL = YES;
				CLANG_ANALYZER_NUMBER_OBJECT_CONVERSION = YES_AGGRESSIVE;
				CLANG_CXX_LANGUAGE_STANDARD = "gnu++20";
				CLANG_ENABLE_MODULES = YES;
				CLANG_ENABLE_OBJC_ARC = YES;
				CLANG_ENABLE_OBJC_WEAK = YES;
				CLANG_WARN_BLOCK_CAPTURE_AUTORELEASING = YES;
				CLANG_WARN_BOOL_CONVERSION = YES;
				CLANG_WARN_COMMA = YES;
				CLANG_WARN_CONSTANT_CONVERSION = YES;
				CLANG_WARN_DEPRECATED_OBJC_IMPLEMENTATIONS = YES;
				CLANG_WARN_DIRECT_OBJC_ISA_USAGE = YES_ERROR;
				CLANG_WARN_DOCUMENTATION_COMMENTS = YES;
				CLANG_WARN_EMPTY_BODY = YES;
				CLANG_WARN_ENUM_CONVERSION = YES;
				CLANG_WARN_INFINITE_RECURSION = YES;
				CLANG_WARN_INT_CONVERSION = YES;
				CLANG_WARN_NON_LITERAL_NULL_CONVERSION = YES;
				CLANG_WARN_OBJC_IMPLICIT_RETAIN_SELF = YES;
				CLANG_WARN_OBJC_LITERAL_CONVERSION = YES;
				CLANG_WARN_OBJC_ROOT_CLASS = YES_ERROR;
				CLANG_WARN_QUOTED_INCLUDE_IN_FRAMEWORK_HEADER = YES;
				CLANG_WARN_RANGE_LOOP_ANALYSIS = YES;
				CLANG_WARN_STRICT_PROTOTYPES = YES;
				CLANG_WARN_SUSPICIOUS_MOVE = YES;
				CLANG_WARN_UNGUARDED_AVAILABILITY = YES_AGGRESSIVE;
				CLANG_WARN_UNREACHABLE_CODE = YES;
				CLANG_WARN__DUPLICATE_METHOD_MATCH = YES;
				COPY_PHASE_STRIP = NO;
				DEBUG_INFORMATION_FORMAT = "dwarf-with-dsym";
				ENABLE_NS_ASSERTIONS = NO;
				ENABLE_STRICT_OBJC_MSGSEND = YES;
				ENABLE_USER_SCRIPT_SANDBOXING = YES;
				GCC_C_LANGUAGE_STANDARD = gnu17;
				GCC_NO_COMMON_BLOCKS = YES;
				GCC_WARN_64_TO_32_BIT_CONVERSION = YES;
				GCC_WARN_ABOUT_RETURN_TYPE = YES_ERROR;
				GCC_WARN_UNDECLARED_SELECTOR = YES;
				GCC_WARN_UNINITIALIZED_AUTOS = YES_AGGRESSIVE;
				GCC_WARN_UNUSED_FUNCTION = YES;
				GCC_WARN_UNUSED_VARIABLE = YES;
				IPHONEOS_DEPLOYMENT_TARGET = 17.0;
				LOCALIZATION_PREFERS_STRING_CATALOGS = YES;
				MTL_ENABLE_DEBUG_INFO = NO;
				MTL_FAST_MATH = YES;
				SDKROOT = iphoneos;
				SWIFT_COMPILATION_MODE = wholemodule;
				VALIDATE_PRODUCT = YES;
			};
			name = Release;
		};
		2B1E9CFA2AD052B800902AE1 /* Debug */ = {
			isa = XCBuildConfiguration;
			buildSettings = {
				ASSETCATALOG_COMPILER_APPICON_NAME = AppIcon;
				ASSETCATALOG_COMPILER_GLOBAL_ACCENT_COLOR_NAME = AccentColor;
				CODE_SIGN_STYLE = Automatic;
				CURRENT_PROJECT_VERSION = 1;
				DEVELOPMENT_ASSET_PATHS = "\"TikTokClone/Preview Content\"";
				DEVELOPMENT_TEAM = LF78THV97C;
				ENABLE_PREVIEWS = YES;
				GENERATE_INFOPLIST_FILE = YES;
				INFOPLIST_KEY_UIApplicationSceneManifest_Generation = YES;
				INFOPLIST_KEY_UIApplicationSupportsIndirectInputEvents = YES;
				INFOPLIST_KEY_UILaunchScreen_Generation = YES;
				INFOPLIST_KEY_UISupportedInterfaceOrientations_iPad = "UIInterfaceOrientationPortrait UIInterfaceOrientationPortraitUpsideDown UIInterfaceOrientationLandscapeLeft UIInterfaceOrientationLandscapeRight";
				INFOPLIST_KEY_UISupportedInterfaceOrientations_iPhone = "UIInterfaceOrientationPortrait UIInterfaceOrientationLandscapeLeft UIInterfaceOrientationLandscapeRight";
				LD_RUNPATH_SEARCH_PATHS = (
					"$(inherited)",
					"@executable_path/Frameworks",
				);
				MARKETING_VERSION = 1.0;
				PRODUCT_BUNDLE_IDENTIFIER = com.stephandowless.TikTokClone;
				PRODUCT_NAME = "$(TARGET_NAME)";
				SWIFT_EMIT_LOC_STRINGS = YES;
				SWIFT_VERSION = 5.0;
				TARGETED_DEVICE_FAMILY = "1,2";
			};
			name = Debug;
		};
		2B1E9CFB2AD052B800902AE1 /* Release */ = {
			isa = XCBuildConfiguration;
			buildSettings = {
				ASSETCATALOG_COMPILER_APPICON_NAME = AppIcon;
				ASSETCATALOG_COMPILER_GLOBAL_ACCENT_COLOR_NAME = AccentColor;
				CODE_SIGN_STYLE = Automatic;
				CURRENT_PROJECT_VERSION = 1;
				DEVELOPMENT_ASSET_PATHS = "\"TikTokClone/Preview Content\"";
				DEVELOPMENT_TEAM = LF78THV97C;
				ENABLE_PREVIEWS = YES;
				GENERATE_INFOPLIST_FILE = YES;
				INFOPLIST_KEY_UIApplicationSceneManifest_Generation = YES;
				INFOPLIST_KEY_UIApplicationSupportsIndirectInputEvents = YES;
				INFOPLIST_KEY_UILaunchScreen_Generation = YES;
				INFOPLIST_KEY_UISupportedInterfaceOrientations_iPad = "UIInterfaceOrientationPortrait UIInterfaceOrientationPortraitUpsideDown UIInterfaceOrientationLandscapeLeft UIInterfaceOrientationLandscapeRight";
				INFOPLIST_KEY_UISupportedInterfaceOrientations_iPhone = "UIInterfaceOrientationPortrait UIInterfaceOrientationLandscapeLeft UIInterfaceOrientationLandscapeRight";
				LD_RUNPATH_SEARCH_PATHS = (
					"$(inherited)",
					"@executable_path/Frameworks",
				);
				MARKETING_VERSION = 1.0;
				PRODUCT_BUNDLE_IDENTIFIER = com.stephandowless.TikTokClone;
				PRODUCT_NAME = "$(TARGET_NAME)";
				SWIFT_EMIT_LOC_STRINGS = YES;
				SWIFT_VERSION = 5.0;
				TARGETED_DEVICE_FAMILY = "1,2";
			};
			name = Release;
		};
/* End XCBuildConfiguration section */

/* Begin XCConfigurationList section */
		2B1E9CE62AD052B700902AE1 /* Build configuration list for PBXProject "TikTokClone" */ = {
			isa = XCConfigurationList;
			buildConfigurations = (
				2B1E9CF72AD052B800902AE1 /* Debug */,
				2B1E9CF82AD052B800902AE1 /* Release */,
			);
			defaultConfigurationIsVisible = 0;
			defaultConfigurationName = Release;
		};
		2B1E9CF92AD052B800902AE1 /* Build configuration list for PBXNativeTarget "TikTokClone" */ = {
			isa = XCConfigurationList;
			buildConfigurations = (
				2B1E9CFA2AD052B800902AE1 /* Debug */,
				2B1E9CFB2AD052B800902AE1 /* Release */,
			);
			defaultConfigurationIsVisible = 0;
			defaultConfigurationName = Release;
		};
/* End XCConfigurationList section */

/* Begin XCRemoteSwiftPackageReference section */
		2B1E9D9C2AD4AAD500902AE1 /* XCRemoteSwiftPackageReference "firebase-ios-sdk" */ = {
			isa = XCRemoteSwiftPackageReference;
			repositoryURL = "https://github.com/firebase/firebase-ios-sdk.git";
			requirement = {
				kind = upToNextMajorVersion;
				minimumVersion = 10.16.0;
			};
		};
		2B1E9DD32AD4AAE500902AE1 /* XCRemoteSwiftPackageReference "Kingfisher" */ = {
			isa = XCRemoteSwiftPackageReference;
			repositoryURL = "https://github.com/onevcat/Kingfisher.git";
			requirement = {
				kind = upToNextMajorVersion;
				minimumVersion = 7.9.1;
			};
		};
/* End XCRemoteSwiftPackageReference section */

/* Begin XCSwiftPackageProductDependency section */
		2B1E9D9D2AD4AAD500902AE1 /* FirebaseAnalytics */ = {
			isa = XCSwiftPackageProductDependency;
			package = 2B1E9D9C2AD4AAD500902AE1 /* XCRemoteSwiftPackageReference "firebase-ios-sdk" */;
			productName = FirebaseAnalytics;
		};
		2B1E9D9F2AD4AAD500902AE1 /* FirebaseAnalyticsOnDeviceConversion */ = {
			isa = XCSwiftPackageProductDependency;
			package = 2B1E9D9C2AD4AAD500902AE1 /* XCRemoteSwiftPackageReference "firebase-ios-sdk" */;
			productName = FirebaseAnalyticsOnDeviceConversion;
		};
		2B1E9DA12AD4AAD500902AE1 /* FirebaseAnalyticsSwift */ = {
			isa = XCSwiftPackageProductDependency;
			package = 2B1E9D9C2AD4AAD500902AE1 /* XCRemoteSwiftPackageReference "firebase-ios-sdk" */;
			productName = FirebaseAnalyticsSwift;
		};
		2B1E9DA32AD4AAD500902AE1 /* FirebaseAnalyticsWithoutAdIdSupport */ = {
			isa = XCSwiftPackageProductDependency;
			package = 2B1E9D9C2AD4AAD500902AE1 /* XCRemoteSwiftPackageReference "firebase-ios-sdk" */;
			productName = FirebaseAnalyticsWithoutAdIdSupport;
		};
		2B1E9DA52AD4AAD500902AE1 /* FirebaseAppCheck */ = {
			isa = XCSwiftPackageProductDependency;
			package = 2B1E9D9C2AD4AAD500902AE1 /* XCRemoteSwiftPackageReference "firebase-ios-sdk" */;
			productName = FirebaseAppCheck;
		};
		2B1E9DA72AD4AAD500902AE1 /* FirebaseAppDistribution-Beta */ = {
			isa = XCSwiftPackageProductDependency;
			package = 2B1E9D9C2AD4AAD500902AE1 /* XCRemoteSwiftPackageReference "firebase-ios-sdk" */;
			productName = "FirebaseAppDistribution-Beta";
		};
		2B1E9DA92AD4AAD500902AE1 /* FirebaseAuth */ = {
			isa = XCSwiftPackageProductDependency;
			package = 2B1E9D9C2AD4AAD500902AE1 /* XCRemoteSwiftPackageReference "firebase-ios-sdk" */;
			productName = FirebaseAuth;
		};
		2B1E9DAB2AD4AAD500902AE1 /* FirebaseAuthCombine-Community */ = {
			isa = XCSwiftPackageProductDependency;
			package = 2B1E9D9C2AD4AAD500902AE1 /* XCRemoteSwiftPackageReference "firebase-ios-sdk" */;
			productName = "FirebaseAuthCombine-Community";
		};
		2B1E9DAD2AD4AAD500902AE1 /* FirebaseCrashlytics */ = {
			isa = XCSwiftPackageProductDependency;
			package = 2B1E9D9C2AD4AAD500902AE1 /* XCRemoteSwiftPackageReference "firebase-ios-sdk" */;
			productName = FirebaseCrashlytics;
		};
		2B1E9DAF2AD4AAD500902AE1 /* FirebaseDatabase */ = {
			isa = XCSwiftPackageProductDependency;
			package = 2B1E9D9C2AD4AAD500902AE1 /* XCRemoteSwiftPackageReference "firebase-ios-sdk" */;
			productName = FirebaseDatabase;
		};
		2B1E9DB12AD4AAD500902AE1 /* FirebaseDatabaseSwift */ = {
			isa = XCSwiftPackageProductDependency;
			package = 2B1E9D9C2AD4AAD500902AE1 /* XCRemoteSwiftPackageReference "firebase-ios-sdk" */;
			productName = FirebaseDatabaseSwift;
		};
		2B1E9DB32AD4AAD500902AE1 /* FirebaseDynamicLinks */ = {
			isa = XCSwiftPackageProductDependency;
			package = 2B1E9D9C2AD4AAD500902AE1 /* XCRemoteSwiftPackageReference "firebase-ios-sdk" */;
			productName = FirebaseDynamicLinks;
		};
		2B1E9DB52AD4AAD500902AE1 /* FirebaseFirestore */ = {
			isa = XCSwiftPackageProductDependency;
			package = 2B1E9D9C2AD4AAD500902AE1 /* XCRemoteSwiftPackageReference "firebase-ios-sdk" */;
			productName = FirebaseFirestore;
		};
		2B1E9DB72AD4AAD500902AE1 /* FirebaseFirestoreCombine-Community */ = {
			isa = XCSwiftPackageProductDependency;
			package = 2B1E9D9C2AD4AAD500902AE1 /* XCRemoteSwiftPackageReference "firebase-ios-sdk" */;
			productName = "FirebaseFirestoreCombine-Community";
		};
		2B1E9DB92AD4AAD500902AE1 /* FirebaseFirestoreSwift */ = {
			isa = XCSwiftPackageProductDependency;
			package = 2B1E9D9C2AD4AAD500902AE1 /* XCRemoteSwiftPackageReference "firebase-ios-sdk" */;
			productName = FirebaseFirestoreSwift;
		};
		2B1E9DBB2AD4AAD500902AE1 /* FirebaseFunctions */ = {
			isa = XCSwiftPackageProductDependency;
			package = 2B1E9D9C2AD4AAD500902AE1 /* XCRemoteSwiftPackageReference "firebase-ios-sdk" */;
			productName = FirebaseFunctions;
		};
		2B1E9DBD2AD4AAD500902AE1 /* FirebaseFunctionsCombine-Community */ = {
			isa = XCSwiftPackageProductDependency;
			package = 2B1E9D9C2AD4AAD500902AE1 /* XCRemoteSwiftPackageReference "firebase-ios-sdk" */;
			productName = "FirebaseFunctionsCombine-Community";
		};
		2B1E9DBF2AD4AAD500902AE1 /* FirebaseInAppMessaging-Beta */ = {
			isa = XCSwiftPackageProductDependency;
			package = 2B1E9D9C2AD4AAD500902AE1 /* XCRemoteSwiftPackageReference "firebase-ios-sdk" */;
			productName = "FirebaseInAppMessaging-Beta";
		};
		2B1E9DC12AD4AAD500902AE1 /* FirebaseInAppMessagingSwift-Beta */ = {
			isa = XCSwiftPackageProductDependency;
			package = 2B1E9D9C2AD4AAD500902AE1 /* XCRemoteSwiftPackageReference "firebase-ios-sdk" */;
			productName = "FirebaseInAppMessagingSwift-Beta";
		};
		2B1E9DC32AD4AAD500902AE1 /* FirebaseInstallations */ = {
			isa = XCSwiftPackageProductDependency;
			package = 2B1E9D9C2AD4AAD500902AE1 /* XCRemoteSwiftPackageReference "firebase-ios-sdk" */;
			productName = FirebaseInstallations;
		};
		2B1E9DC52AD4AAD500902AE1 /* FirebaseMLModelDownloader */ = {
			isa = XCSwiftPackageProductDependency;
			package = 2B1E9D9C2AD4AAD500902AE1 /* XCRemoteSwiftPackageReference "firebase-ios-sdk" */;
			productName = FirebaseMLModelDownloader;
		};
		2B1E9DC72AD4AAD500902AE1 /* FirebaseMessaging */ = {
			isa = XCSwiftPackageProductDependency;
			package = 2B1E9D9C2AD4AAD500902AE1 /* XCRemoteSwiftPackageReference "firebase-ios-sdk" */;
			productName = FirebaseMessaging;
		};
		2B1E9DC92AD4AAD500902AE1 /* FirebasePerformance */ = {
			isa = XCSwiftPackageProductDependency;
			package = 2B1E9D9C2AD4AAD500902AE1 /* XCRemoteSwiftPackageReference "firebase-ios-sdk" */;
			productName = FirebasePerformance;
		};
		2B1E9DCB2AD4AAD500902AE1 /* FirebaseRemoteConfig */ = {
			isa = XCSwiftPackageProductDependency;
			package = 2B1E9D9C2AD4AAD500902AE1 /* XCRemoteSwiftPackageReference "firebase-ios-sdk" */;
			productName = FirebaseRemoteConfig;
		};
		2B1E9DCD2AD4AAD500902AE1 /* FirebaseRemoteConfigSwift */ = {
			isa = XCSwiftPackageProductDependency;
			package = 2B1E9D9C2AD4AAD500902AE1 /* XCRemoteSwiftPackageReference "firebase-ios-sdk" */;
			productName = FirebaseRemoteConfigSwift;
		};
		2B1E9DCF2AD4AAD500902AE1 /* FirebaseStorage */ = {
			isa = XCSwiftPackageProductDependency;
			package = 2B1E9D9C2AD4AAD500902AE1 /* XCRemoteSwiftPackageReference "firebase-ios-sdk" */;
			productName = FirebaseStorage;
		};
		2B1E9DD12AD4AAD500902AE1 /* FirebaseStorageCombine-Community */ = {
			isa = XCSwiftPackageProductDependency;
			package = 2B1E9D9C2AD4AAD500902AE1 /* XCRemoteSwiftPackageReference "firebase-ios-sdk" */;
			productName = "FirebaseStorageCombine-Community";
		};
		2B1E9DD42AD4AAE600902AE1 /* Kingfisher */ = {
			isa = XCSwiftPackageProductDependency;
			package = 2B1E9DD32AD4AAE500902AE1 /* XCRemoteSwiftPackageReference "Kingfisher" */;
			productName = Kingfisher;
		};
/* End XCSwiftPackageProductDependency section */
	};
	rootObject = 2B1E9CE32AD052B700902AE1 /* Project object */;
}
